{
  "object": {
    "pins": [
      {
        "package": "SwiftUIPager",
        "repositoryURL": "https://github.com/fermoya/SwiftUIPager.git",
        "state": {
          "branch": null,
          "revision": "d6745593cfa38ffa1fca75244a01e422d220d407",
          "version": "2.3.1"
        }
      }
    ]
  },
  "version": 1
}
